
Microsoft Visual Studio Solution File, Format Version 12.00
# Visual Studio Version 16
VisualStudioVersion = 16.0.31105.61
MinimumVisualStudioVersion = 10.0.40219.1
Project("{FAE04EC0-301F-11D3-BF4B-00C04F79EFBC}") = "EfCoreSpMapping", "EfCoreSpMapping\EfCoreSpMapping.csproj", "{C4423985-BBA2-4BCE-B877-AE2651DDF52B}"
EndProject
Global
	GlobalSection(SolutionConfigurationPlatforms) = preSolution
		Debug|Any CPU = Debug|Any CPU
		Release|Any CPU = Release|Any CPU
	EndGlobalSection
	GlobalSection(ProjectConfigurationPlatforms) = postSolution
		{C4423985-BBA2-4BCE-B877-AE2651DDF52B}.Debug|Any CPU.ActiveCfg = Debug|Any CPU
		{C4423985-BBA2-4BCE-B877-AE2651DDF52B}.Debug|Any CPU.Build.0 = Debug|Any CPU
		{C4423985-BBA2-4BCE-B877-AE2651DDF52B}.Release|Any CPU.ActiveCfg = Release|Any CPU
		{C4423985-BBA2-4BCE-B877-AE2651DDF52B}.Release|Any CPU.Build.0 = Release|Any CPU
	EndGlobalSection
	GlobalSection(SolutionProperties) = preSolution
		HideSolutionNode = FALSE
	EndGlobalSection
	GlobalSection(ExtensibilityGlobals) = postSolution
		SolutionGuid = {859975D9-FBFC-4D81-97D7-BEBF99FF9870}
	EndGlobalSection
EndGlobal
